{
  "version": 4,
  "terraform_version": "1.5.7",
  "serial": 22,
  "lineage": "d3694145-82f2-c22a-d9f8-242e847920a8",
  "outputs": {
    "vm_ip": {
      "value": [
        [
          "51.142.164.112"
        ]
      ],
      "type": [
        "tuple",
        [
          [
            "tuple",
            [
              "string"
            ]
          ]
        ]
      ]
    }
  },
  "resources": [
    {
      "mode": "managed",
      "type": "azurerm_network_interface",
      "name": "power_BI_NI",
      "provider": "provider[\"registry.terraform.io/hashicorp/azurerm\"]",
      "instances": [
        {
          "schema_version": 0,
          "attributes": {
            "applied_dns_servers": [],
            "auxiliary_mode": "",
            "auxiliary_sku": "",
            "dns_servers": [],
            "edge_zone": "",
            "enable_accelerated_networking": false,
            "enable_ip_forwarding": false,
            "id": "/subscriptions/3ac00602-379c-46d6-afac-a59785a330b2/resourceGroups/power_bi_RG/providers/Microsoft.Network/networkInterfaces/power_BI_NI",
            "internal_dns_name_label": "",
            "internal_domain_name_suffix": "ps3qckocd1xezprx1jnclfravd.cwx.internal.cloudapp.net",
            "ip_configuration": [
              {
                "gateway_load_balancer_frontend_ip_configuration_id": "",
                "name": "internal",
                "primary": true,
                "private_ip_address": "10.0.2.4",
                "private_ip_address_allocation": "Dynamic",
                "private_ip_address_version": "IPv4",
                "public_ip_address_id": "/subscriptions/3ac00602-379c-46d6-afac-a59785a330b2/resourceGroups/power_bi_RG/providers/Microsoft.Network/publicIPAddresses/vm_public_IP",
                "subnet_id": "/subscriptions/3ac00602-379c-46d6-afac-a59785a330b2/resourceGroups/power_bi_RG/providers/Microsoft.Network/virtualNetworks/power_BI_VNET/subnets/power_BI_SNET"
              }
            ],
            "location": "ukwest",
            "mac_address": "60-45-BD-0D-3C-1A",
            "name": "power_BI_NI",
            "private_ip_address": "10.0.2.4",
            "private_ip_addresses": [
              "10.0.2.4"
            ],
            "resource_group_name": "power_bi_RG",
            "tags": {},
            "timeouts": null,
            "virtual_machine_id": "/subscriptions/3ac00602-379c-46d6-afac-a59785a330b2/resourceGroups/power_bi_RG/providers/Microsoft.Compute/virtualMachines/power-bi-vm"
          },
          "sensitive_attributes": [],
          "private": "eyJlMmJmYjczMC1lY2FhLTExZTYtOGY4OC0zNDM2M2JjN2M0YzAiOnsiY3JlYXRlIjoxODAwMDAwMDAwMDAwLCJkZWxldGUiOjE4MDAwMDAwMDAwMDAsInJlYWQiOjMwMDAwMDAwMDAwMCwidXBkYXRlIjoxODAwMDAwMDAwMDAwfX0=",
          "dependencies": [
            "azurerm_public_ip.vm_public_IP",
            "azurerm_resource_group.power_bi_RG",
            "azurerm_subnet.power_BI_SNET",
            "azurerm_virtual_network.power_BI_VNET"
          ]
        }
      ]
    },
    {
      "mode": "managed",
      "type": "azurerm_network_security_group",
      "name": "power_bi_SG",
      "provider": "provider[\"registry.terraform.io/hashicorp/azurerm\"]",
      "instances": [
        {
          "schema_version": 0,
          "attributes": {
            "id": "/subscriptions/3ac00602-379c-46d6-afac-a59785a330b2/resourceGroups/power_bi_RG/providers/Microsoft.Network/networkSecurityGroups/power_bi_SG",
            "location": "ukwest",
            "name": "power_bi_SG",
            "resource_group_name": "power_bi_RG",
            "security_rule": [],
            "tags": {},
            "timeouts": null
          },
          "sensitive_attributes": [],
          "private": "eyJlMmJmYjczMC1lY2FhLTExZTYtOGY4OC0zNDM2M2JjN2M0YzAiOnsiY3JlYXRlIjoxODAwMDAwMDAwMDAwLCJkZWxldGUiOjE4MDAwMDAwMDAwMDAsInJlYWQiOjMwMDAwMDAwMDAwMCwidXBkYXRlIjoxODAwMDAwMDAwMDAwfX0=",
          "dependencies": [
            "azurerm_resource_group.power_bi_RG"
          ]
        }
      ]
    },
    {
      "mode": "managed",
      "type": "azurerm_network_security_rule",
      "name": "allow_RDP",
      "provider": "provider[\"registry.terraform.io/hashicorp/azurerm\"]",
      "instances": [
        {
          "schema_version": 0,
          "attributes": {
            "access": "Allow",
            "description": "",
            "destination_address_prefix": "*",
            "destination_address_prefixes": null,
            "destination_application_security_group_ids": null,
            "destination_port_range": "3389",
            "destination_port_ranges": null,
            "direction": "Inbound",
            "id": "/subscriptions/3ac00602-379c-46d6-afac-a59785a330b2/resourceGroups/power_bi_RG/providers/Microsoft.Network/networkSecurityGroups/power_bi_SG/securityRules/allow_RDP",
            "name": "allow_RDP",
            "network_security_group_name": "power_bi_SG",
            "priority": 100,
            "protocol": "Tcp",
            "resource_group_name": "power_bi_RG",
            "source_address_prefix": "*",
            "source_address_prefixes": null,
            "source_application_security_group_ids": null,
            "source_port_range": "*",
            "source_port_ranges": null,
            "timeouts": null
          },
          "sensitive_attributes": [],
          "private": "eyJlMmJmYjczMC1lY2FhLTExZTYtOGY4OC0zNDM2M2JjN2M0YzAiOnsiY3JlYXRlIjoxODAwMDAwMDAwMDAwLCJkZWxldGUiOjE4MDAwMDAwMDAwMDAsInJlYWQiOjMwMDAwMDAwMDAwMCwidXBkYXRlIjoxODAwMDAwMDAwMDAwfX0=",
          "dependencies": [
            "azurerm_network_security_group.power_bi_SG",
            "azurerm_resource_group.power_bi_RG"
          ]
        }
      ]
    },
    {
      "mode": "managed",
      "type": "azurerm_public_ip",
      "name": "vm_public_IP",
      "provider": "provider[\"registry.terraform.io/hashicorp/azurerm\"]",
      "instances": [
        {
          "schema_version": 0,
          "attributes": {
            "allocation_method": "Dynamic",
            "ddos_protection_mode": "VirtualNetworkInherited",
            "ddos_protection_plan_id": null,
            "domain_name_label": null,
            "edge_zone": "",
            "fqdn": null,
            "id": "/subscriptions/3ac00602-379c-46d6-afac-a59785a330b2/resourceGroups/power_bi_RG/providers/Microsoft.Network/publicIPAddresses/vm_public_IP",
            "idle_timeout_in_minutes": 4,
            "ip_address": "51.142.164.112",
            "ip_tags": {},
            "ip_version": "IPv4",
            "location": "ukwest",
            "name": "vm_public_IP",
            "public_ip_prefix_id": null,
            "resource_group_name": "power_bi_RG",
            "reverse_fqdn": null,
            "sku": "Basic",
            "sku_tier": "Regional",
            "tags": {},
            "timeouts": null,
            "zones": []
          },
          "sensitive_attributes": [],
          "private": "eyJlMmJmYjczMC1lY2FhLTExZTYtOGY4OC0zNDM2M2JjN2M0YzAiOnsiY3JlYXRlIjoxODAwMDAwMDAwMDAwLCJkZWxldGUiOjE4MDAwMDAwMDAwMDAsInJlYWQiOjMwMDAwMDAwMDAwMCwidXBkYXRlIjoxODAwMDAwMDAwMDAwfX0=",
          "dependencies": [
            "azurerm_resource_group.power_bi_RG"
          ]
        }
      ]
    },
    {
      "mode": "managed",
      "type": "azurerm_resource_group",
      "name": "power_bi_RG",
      "provider": "provider[\"registry.terraform.io/hashicorp/azurerm\"]",
      "instances": [
        {
          "schema_version": 0,
          "attributes": {
            "id": "/subscriptions/3ac00602-379c-46d6-afac-a59785a330b2/resourceGroups/power_bi_RG",
            "location": "ukwest",
            "managed_by": "",
            "name": "power_bi_RG",
            "tags": {},
            "timeouts": null
          },
          "sensitive_attributes": [],
          "private": "eyJlMmJmYjczMC1lY2FhLTExZTYtOGY4OC0zNDM2M2JjN2M0YzAiOnsiY3JlYXRlIjo1NDAwMDAwMDAwMDAwLCJkZWxldGUiOjU0MDAwMDAwMDAwMDAsInJlYWQiOjMwMDAwMDAwMDAwMCwidXBkYXRlIjo1NDAwMDAwMDAwMDAwfX0="
        }
      ]
    },
    {
      "mode": "managed",
      "type": "azurerm_subnet",
      "name": "power_BI_SNET",
      "provider": "provider[\"registry.terraform.io/hashicorp/azurerm\"]",
      "instances": [
        {
          "schema_version": 0,
          "attributes": {
            "address_prefixes": [
              "10.0.2.0/24"
            ],
            "delegation": [],
            "enforce_private_link_endpoint_network_policies": false,
            "enforce_private_link_service_network_policies": false,
            "id": "/subscriptions/3ac00602-379c-46d6-afac-a59785a330b2/resourceGroups/power_bi_RG/providers/Microsoft.Network/virtualNetworks/power_BI_VNET/subnets/power_BI_SNET",
            "name": "power_BI_SNET",
            "private_endpoint_network_policies_enabled": true,
            "private_link_service_network_policies_enabled": true,
            "resource_group_name": "power_bi_RG",
            "service_endpoint_policy_ids": [],
            "service_endpoints": [],
            "timeouts": null,
            "virtual_network_name": "power_BI_VNET"
          },
          "sensitive_attributes": [],
          "private": "eyJlMmJmYjczMC1lY2FhLTExZTYtOGY4OC0zNDM2M2JjN2M0YzAiOnsiY3JlYXRlIjoxODAwMDAwMDAwMDAwLCJkZWxldGUiOjE4MDAwMDAwMDAwMDAsInJlYWQiOjMwMDAwMDAwMDAwMCwidXBkYXRlIjoxODAwMDAwMDAwMDAwfX0=",
          "dependencies": [
            "azurerm_resource_group.power_bi_RG",
            "azurerm_virtual_network.power_BI_VNET"
          ]
        }
      ]
    },
    {
      "mode": "managed",
      "type": "azurerm_virtual_network",
      "name": "power_BI_VNET",
      "provider": "provider[\"registry.terraform.io/hashicorp/azurerm\"]",
      "instances": [
        {
          "schema_version": 0,
          "attributes": {
            "address_space": [
              "10.0.0.0/16"
            ],
            "bgp_community": "",
            "ddos_protection_plan": [],
            "dns_servers": [],
            "edge_zone": "",
            "encryption": [],
            "flow_timeout_in_minutes": 0,
            "guid": "2901bb7c-1ec2-4cee-be37-da5a259620ab",
            "id": "/subscriptions/3ac00602-379c-46d6-afac-a59785a330b2/resourceGroups/power_bi_RG/providers/Microsoft.Network/virtualNetworks/power_BI_VNET",
            "location": "ukwest",
            "name": "power_BI_VNET",
            "resource_group_name": "power_bi_RG",
            "subnet": [
              {
                "address_prefix": "10.0.2.0/24",
                "id": "/subscriptions/3ac00602-379c-46d6-afac-a59785a330b2/resourceGroups/power_bi_RG/providers/Microsoft.Network/virtualNetworks/power_BI_VNET/subnets/power_BI_SNET",
                "name": "power_BI_SNET",
                "security_group": ""
              }
            ],
            "tags": {},
            "timeouts": null
          },
          "sensitive_attributes": [],
          "private": "eyJlMmJmYjczMC1lY2FhLTExZTYtOGY4OC0zNDM2M2JjN2M0YzAiOnsiY3JlYXRlIjoxODAwMDAwMDAwMDAwLCJkZWxldGUiOjE4MDAwMDAwMDAwMDAsInJlYWQiOjMwMDAwMDAwMDAwMCwidXBkYXRlIjoxODAwMDAwMDAwMDAwfX0=",
          "dependencies": [
            "azurerm_resource_group.power_bi_RG"
          ]
        }
      ]
    },
    {
      "mode": "managed",
      "type": "azurerm_windows_virtual_machine",
      "name": "power_bi_vm",
      "provider": "provider[\"registry.terraform.io/hashicorp/azurerm\"]",
      "instances": [
        {
          "schema_version": 0,
          "attributes": {
            "additional_capabilities": [],
            "additional_unattend_content": [],
            "admin_password": "VMPowerBI44!!",
            "admin_username": "klovell96",
            "allow_extension_operations": true,
            "availability_set_id": "",
            "boot_diagnostics": [],
            "bypass_platform_safety_checks_on_user_schedule_enabled": false,
            "capacity_reservation_group_id": "",
            "computer_name": "power-bi-vm",
            "custom_data": null,
            "dedicated_host_group_id": "",
            "dedicated_host_id": "",
            "edge_zone": "",
            "enable_automatic_updates": true,
            "encryption_at_host_enabled": false,
            "eviction_policy": "",
            "extensions_time_budget": "PT1H30M",
            "gallery_application": [],
            "hotpatching_enabled": false,
            "id": "/subscriptions/3ac00602-379c-46d6-afac-a59785a330b2/resourceGroups/power_bi_RG/providers/Microsoft.Compute/virtualMachines/power-bi-vm",
            "identity": [],
            "license_type": "",
            "location": "ukwest",
            "max_bid_price": -1,
            "name": "power-bi-vm",
            "network_interface_ids": [
              "/subscriptions/3ac00602-379c-46d6-afac-a59785a330b2/resourceGroups/power_bi_RG/providers/Microsoft.Network/networkInterfaces/power_BI_NI"
            ],
            "os_disk": [
              {
                "caching": "ReadWrite",
                "diff_disk_settings": [],
                "disk_encryption_set_id": "",
                "disk_size_gb": 127,
                "name": "power-bi-vm_OsDisk_1_792651a4a7a8404dbc20e23c7ece6b7d",
                "secure_vm_disk_encryption_set_id": "",
                "security_encryption_type": "",
                "storage_account_type": "Standard_LRS",
                "write_accelerator_enabled": false
              }
            ],
            "patch_assessment_mode": "ImageDefault",
            "patch_mode": "AutomaticByOS",
            "plan": [],
            "platform_fault_domain": -1,
            "priority": "Regular",
            "private_ip_address": "10.0.2.4",
            "private_ip_addresses": [
              "10.0.2.4"
            ],
            "provision_vm_agent": true,
            "proximity_placement_group_id": "",
            "public_ip_address": "51.142.164.112",
            "public_ip_addresses": [
              "51.142.164.112"
            ],
            "reboot_setting": "",
            "resource_group_name": "power_bi_RG",
            "secret": [],
            "secure_boot_enabled": false,
            "size": "Standard_D2s_v3",
            "source_image_id": "",
            "source_image_reference": [
              {
                "offer": "Windows-10",
                "publisher": "MicrosoftWindowsDesktop",
                "sku": "win10-22h2-pro-g2",
                "version": "latest"
              }
            ],
            "tags": {},
            "termination_notification": [],
            "timeouts": null,
            "timezone": "",
            "user_data": "",
            "virtual_machine_id": "e9c64ca3-2b82-40f8-9c0f-b2256f810d3f",
            "virtual_machine_scale_set_id": "",
            "vtpm_enabled": false,
            "winrm_listener": [],
            "zone": ""
          },
          "sensitive_attributes": [],
          "private": "eyJlMmJmYjczMC1lY2FhLTExZTYtOGY4OC0zNDM2M2JjN2M0YzAiOnsiY3JlYXRlIjoyNzAwMDAwMDAwMDAwLCJkZWxldGUiOjI3MDAwMDAwMDAwMDAsInJlYWQiOjMwMDAwMDAwMDAwMCwidXBkYXRlIjoyNzAwMDAwMDAwMDAwfX0=",
          "dependencies": [
            "azurerm_network_interface.power_BI_NI",
            "azurerm_public_ip.vm_public_IP",
            "azurerm_resource_group.power_bi_RG",
            "azurerm_subnet.power_BI_SNET",
            "azurerm_virtual_network.power_BI_VNET"
          ]
        }
      ]
    }
  ],
  "check_results": null
}
